// !$*UTF8*$!
{
	archiveVersion = 1;
	classes = {
	};
	objectVersion = 46;
	objects = {

/* Begin PBXBuildFile section */
		4D052AE923C6264B0034B5AA /* UserSignInViewController.swift in Sources */ = {isa = PBXBuildFile; fileRef = 4D052AE823C6264B0034B5AA /* UserSignInViewController.swift */; };
		4D15064B1DB82DE1005C5BAE /* TableView.swift in Sources */ = {isa = PBXBuildFile; fileRef = 4D15064A1DB82DE1005C5BAE /* TableView.swift */; };
		4D37422C1D88667D009CB5B2 /* Assets.xcassets in Resources */ = {isa = PBXBuildFile; fileRef = 4D37422B1D88667D009CB5B2 /* Assets.xcassets */; };
		4D37422F1D88667D009CB5B2 /* LaunchScreen.storyboard in Resources */ = {isa = PBXBuildFile; fileRef = 4D37422D1D88667D009CB5B2 /* LaunchScreen.storyboard */; };
		4D3742691D9C92CB009CB5B2 /* UIViewController+Alert.swift in Sources */ = {isa = PBXBuildFile; fileRef = 4D3742681D9C92CB009CB5B2 /* UIViewController+Alert.swift */; };
		4D37426B1D9D8170009CB5B2 /* LoadingController.swift in Sources */ = {isa = PBXBuildFile; fileRef = 4D37426A1D9D8170009CB5B2 /* LoadingController.swift */; };
		4D37426D1D9D861B009CB5B2 /* UIScreen+Element.swift in Sources */ = {isa = PBXBuildFile; fileRef = 4D37426C1D9D861B009CB5B2 /* UIScreen+Element.swift */; };
		4D37426F1D9D874D009CB5B2 /* UIView+Element.swift in Sources */ = {isa = PBXBuildFile; fileRef = 4D37426E1D9D874D009CB5B2 /* UIView+Element.swift */; };
		4D66EAEA23A3D78C00147981 /* ElementSDK.framework in Frameworks */ = {isa = PBXBuildFile; fileRef = 4D66EAE923A3D78C00147981 /* ElementSDK.framework */; };
		4D66EAEB23A3D78C00147981 /* ElementSDK.framework in Embed Frameworks */ = {isa = PBXBuildFile; fileRef = 4D66EAE923A3D78C00147981 /* ElementSDK.framework */; settings = {ATTRIBUTES = (CodeSignOnCopy, RemoveHeadersOnCopy, ); }; };
		4D66EAF223A3D7A000147981 /* CountdownDefault.bundle in Resources */ = {isa = PBXBuildFile; fileRef = 4D66EAEC23A3D79F00147981 /* CountdownDefault.bundle */; };
		4D66EAF623A3D7A000147981 /* FlowerPetals.bundle in Resources */ = {isa = PBXBuildFile; fileRef = 4D66EAF023A3D79F00147981 /* FlowerPetals.bundle */; };
		4D7448071FA935BE00B1A06D /* AccountTableViewCell.swift in Sources */ = {isa = PBXBuildFile; fileRef = 4D7448061FA935BE00B1A06D /* AccountTableViewCell.swift */; };
		4DA837EA21706274001C371E /* MainViewController.swift in Sources */ = {isa = PBXBuildFile; fileRef = 4DA837E921706274001C371E /* MainViewController.swift */; };
		4DA837EC217063B5001C371E /* AppDelegatePublic.swift in Sources */ = {isa = PBXBuildFile; fileRef = 4DA837EB217063B4001C371E /* AppDelegatePublic.swift */; };
		4DC58BA72611F48D00621634 /* SelfieDotV2.bundle in Resources */ = {isa = PBXBuildFile; fileRef = 4DC58BA52611F48C00621634 /* SelfieDotV2.bundle */; };
		4DC58BA82611F48D00621634 /* SelfieDot.bundle in Resources */ = {isa = PBXBuildFile; fileRef = 4DC58BA62611F48C00621634 /* SelfieDot.bundle */; };
		4DD10A4F214CBEC2009189C4 /* NetworkingHelper.swift in Sources */ = {isa = PBXBuildFile; fileRef = 4DD10A4E214CBEC2009189C4 /* NetworkingHelper.swift */; };
		4DEAC6BF242E3EC300C405F9 /* UIViewController+Objc.m in Sources */ = {isa = PBXBuildFile; fileRef = 4DEAC6BE242E3EC300C405F9 /* UIViewController+Objc.m */; };
/* End PBXBuildFile section */

/* Begin PBXCopyFilesBuildPhase section */
		4D46A36F220F069B006B7766 /* Embed Frameworks */ = {
			isa = PBXCopyFilesBuildPhase;
			buildActionMask = 2147483647;
			dstPath = "";
			dstSubfolderSpec = 10;
			files = (
				4D66EAEB23A3D78C00147981 /* ElementSDK.framework in Embed Frameworks */,
			);
			name = "Embed Frameworks";
			runOnlyForDeploymentPostprocessing = 0;
		};
/* End PBXCopyFilesBuildPhase section */

/* Begin PBXFileReference section */
		4D052AE823C6264B0034B5AA /* UserSignInViewController.swift */ = {isa = PBXFileReference; fileEncoding = 4; lastKnownFileType = sourcecode.swift; path = UserSignInViewController.swift; sourceTree = "<group>"; };
		4D15064A1DB82DE1005C5BAE /* TableView.swift */ = {isa = PBXFileReference; fileEncoding = 4; lastKnownFileType = sourcecode.swift; path = TableView.swift; sourceTree = "<group>"; };
		4D167E1E20FEA6B900FACC05 /* demo-Bridging-Header.h */ = {isa = PBXFileReference; lastKnownFileType = sourcecode.c.h; path = "demo-Bridging-Header.h"; sourceTree = "<group>"; };
		4D3742211D88667D009CB5B2 /* fm-demo-public.app */ = {isa = PBXFileReference; explicitFileType = wrapper.application; includeInIndex = 0; path = "fm-demo-public.app"; sourceTree = BUILT_PRODUCTS_DIR; };
		4D37422B1D88667D009CB5B2 /* Assets.xcassets */ = {isa = PBXFileReference; lastKnownFileType = folder.assetcatalog; path = Assets.xcassets; sourceTree = "<group>"; };
		4D37422E1D88667D009CB5B2 /* Base */ = {isa = PBXFileReference; lastKnownFileType = file.storyboard; name = Base; path = Base.lproj/LaunchScreen.storyboard; sourceTree = "<group>"; };
		4D3742681D9C92CB009CB5B2 /* UIViewController+Alert.swift */ = {isa = PBXFileReference; fileEncoding = 4; lastKnownFileType = sourcecode.swift; path = "UIViewController+Alert.swift"; sourceTree = "<group>"; };
		4D37426A1D9D8170009CB5B2 /* LoadingController.swift */ = {isa = PBXFileReference; fileEncoding = 4; lastKnownFileType = sourcecode.swift; path = LoadingController.swift; sourceTree = "<group>"; };
		4D37426C1D9D861B009CB5B2 /* UIScreen+Element.swift */ = {isa = PBXFileReference; fileEncoding = 4; lastKnownFileType = sourcecode.swift; path = "UIScreen+Element.swift"; sourceTree = "<group>"; };
		4D37426E1D9D874D009CB5B2 /* UIView+Element.swift */ = {isa = PBXFileReference; fileEncoding = 4; lastKnownFileType = sourcecode.swift; path = "UIView+Element.swift"; sourceTree = "<group>"; };
		4D66EAE923A3D78C00147981 /* ElementSDK.framework */ = {isa = PBXFileReference; lastKnownFileType = wrapper.framework; name = ElementSDK.framework; path = demo/Frameworks/ElementSDK.framework; sourceTree = "<group>"; };
		4D66EAEC23A3D79F00147981 /* CountdownDefault.bundle */ = {isa = PBXFileReference; lastKnownFileType = "wrapper.plug-in"; name = CountdownDefault.bundle; path = Frameworks/CountdownDefault.bundle; sourceTree = "<group>"; };
		4D66EAF023A3D79F00147981 /* FlowerPetals.bundle */ = {isa = PBXFileReference; lastKnownFileType = "wrapper.plug-in"; name = FlowerPetals.bundle; path = Frameworks/FlowerPetals.bundle; sourceTree = "<group>"; };
		4D7448061FA935BE00B1A06D /* AccountTableViewCell.swift */ = {isa = PBXFileReference; fileEncoding = 4; lastKnownFileType = sourcecode.swift; path = AccountTableViewCell.swift; sourceTree = "<group>"; };
		4DA837E121701F35001C371E /* Info_face_matching.plist */ = {isa = PBXFileReference; fileEncoding = 4; lastKnownFileType = text.plist.xml; path = Info_face_matching.plist; sourceTree = "<group>"; };
		4DA837E921706274001C371E /* MainViewController.swift */ = {isa = PBXFileReference; lastKnownFileType = sourcecode.swift; path = MainViewController.swift; sourceTree = "<group>"; };
		4DA837EB217063B4001C371E /* AppDelegatePublic.swift */ = {isa = PBXFileReference; fileEncoding = 4; lastKnownFileType = sourcecode.swift; path = AppDelegatePublic.swift; sourceTree = "<group>"; };
		4DC58BA52611F48C00621634 /* SelfieDotV2.bundle */ = {isa = PBXFileReference; lastKnownFileType = "wrapper.plug-in"; name = SelfieDotV2.bundle; path = Frameworks/SelfieDotV2.bundle; sourceTree = "<group>"; };
		4DC58BA62611F48C00621634 /* SelfieDot.bundle */ = {isa = PBXFileReference; lastKnownFileType = "wrapper.plug-in"; name = SelfieDot.bundle; path = Frameworks/SelfieDot.bundle; sourceTree = "<group>"; };
		4DD10A4E214CBEC2009189C4 /* NetworkingHelper.swift */ = {isa = PBXFileReference; fileEncoding = 4; lastKnownFileType = sourcecode.swift; path = NetworkingHelper.swift; sourceTree = "<group>"; };
		4DEAC6BD242E3EC300C405F9 /* UIViewController+Objc.h */ = {isa = PBXFileReference; lastKnownFileType = sourcecode.c.h; path = "UIViewController+Objc.h"; sourceTree = "<group>"; };
		4DEAC6BE242E3EC300C405F9 /* UIViewController+Objc.m */ = {isa = PBXFileReference; lastKnownFileType = sourcecode.c.objc; path = "UIViewController+Objc.m"; sourceTree = "<group>"; };
/* End PBXFileReference section */

/* Begin PBXFrameworksBuildPhase section */
		4D37421E1D88667D009CB5B2 /* Frameworks */ = {
			isa = PBXFrameworksBuildPhase;
			buildActionMask = 2147483647;
			files = (
				4D66EAEA23A3D78C00147981 /* ElementSDK.framework in Frameworks */,
			);
			runOnlyForDeploymentPostprocessing = 0;
		};
/* End PBXFrameworksBuildPhase section */

/* Begin PBXGroup section */
		4D3742181D88667D009CB5B2 = {
			isa = PBXGroup;
			children = (
				4D3742231D88667D009CB5B2 /* demo */,
				4D3742221D88667D009CB5B2 /* Products */,
				4DF672891E8B2E7200C3DFEB /* Frameworks */,
			);
			sourceTree = "<group>";
		};
		4D3742221D88667D009CB5B2 /* Products */ = {
			isa = PBXGroup;
			children = (
				4D3742211D88667D009CB5B2 /* fm-demo-public.app */,
			);
			name = Products;
			sourceTree = "<group>";
		};
		4D3742231D88667D009CB5B2 /* demo */ = {
			isa = PBXGroup;
			children = (
				4D5EBBB21ECD1A670042FEBD /* resources */,
				4D37424E1D931DE4009CB5B2 /* sources */,
			);
			path = demo;
			sourceTree = "<group>";
		};
		4D37424E1D931DE4009CB5B2 /* sources */ = {
			isa = PBXGroup;
			children = (
				4D7448061FA935BE00B1A06D /* AccountTableViewCell.swift */,
				4DA837EB217063B4001C371E /* AppDelegatePublic.swift */,
				4D167E1E20FEA6B900FACC05 /* demo-Bridging-Header.h */,
				4D37426A1D9D8170009CB5B2 /* LoadingController.swift */,
				4DA837E921706274001C371E /* MainViewController.swift */,
				4DD10A4E214CBEC2009189C4 /* NetworkingHelper.swift */,
				4D15064A1DB82DE1005C5BAE /* TableView.swift */,
				4D37426C1D9D861B009CB5B2 /* UIScreen+Element.swift */,
				4D37426E1D9D874D009CB5B2 /* UIView+Element.swift */,
				4D3742681D9C92CB009CB5B2 /* UIViewController+Alert.swift */,
				4D052AE823C6264B0034B5AA /* UserSignInViewController.swift */,
				4DEAC6BD242E3EC300C405F9 /* UIViewController+Objc.h */,
				4DEAC6BE242E3EC300C405F9 /* UIViewController+Objc.m */,
			);
			name = sources;
			sourceTree = "<group>";
		};
		4D5EBBB21ECD1A670042FEBD /* resources */ = {
			isa = PBXGroup;
			children = (
				4DC58BA62611F48C00621634 /* SelfieDot.bundle */,
				4DC58BA52611F48C00621634 /* SelfieDotV2.bundle */,
				4D66EAEC23A3D79F00147981 /* CountdownDefault.bundle */,
				4D66EAF023A3D79F00147981 /* FlowerPetals.bundle */,
				4DA837E121701F35001C371E /* Info_face_matching.plist */,
				4D37422B1D88667D009CB5B2 /* Assets.xcassets */,
				4D37422D1D88667D009CB5B2 /* LaunchScreen.storyboard */,
			);
			name = resources;
			sourceTree = "<group>";
		};
		4DF672891E8B2E7200C3DFEB /* Frameworks */ = {
			isa = PBXGroup;
			children = (
				4D66EAE923A3D78C00147981 /* ElementSDK.framework */,
			);
			name = Frameworks;
			sourceTree = "<group>";
		};
/* End PBXGroup section */

/* Begin PBXNativeTarget section */
		4D3742201D88667D009CB5B2 /* fm-demo-public */ = {
			isa = PBXNativeTarget;
			buildConfigurationList = 4D3742331D88667D009CB5B2 /* Build configuration list for PBXNativeTarget "fm-demo-public" */;
			buildPhases = (
				4D37421D1D88667D009CB5B2 /* Sources */,
				4D37421E1D88667D009CB5B2 /* Frameworks */,
				4D37421F1D88667D009CB5B2 /* Resources */,
				4D46A36F220F069B006B7766 /* Embed Frameworks */,
			);
			buildRules = (
			);
			dependencies = (
			);
			name = "fm-demo-public";
			productName = demo;
			productReference = 4D3742211D88667D009CB5B2 /* fm-demo-public.app */;
			productType = "com.apple.product-type.application";
		};
/* End PBXNativeTarget section */

/* Begin PBXProject section */
		4D3742191D88667D009CB5B2 /* Project object */ = {
			isa = PBXProject;
			attributes = {
				LastSwiftUpdateCheck = 0730;
				LastUpgradeCheck = 1000;
				ORGANIZATIONNAME = Element;
				TargetAttributes = {
					4D3742201D88667D009CB5B2 = {
						CreatedOnToolsVersion = 7.3;
						DevelopmentTeam = KCMF2PRRMF;
						LastSwiftMigration = 0920;
						ProvisioningStyle = Automatic;
					};
				};
			};
			buildConfigurationList = 4D37421C1D88667D009CB5B2 /* Build configuration list for PBXProject "fm-demo-public" */;
			compatibilityVersion = "Xcode 3.2";
			developmentRegion = English;
			hasScannedForEncodings = 0;
			knownRegions = (
				English,
				en,
				Base,
			);
			mainGroup = 4D3742181D88667D009CB5B2;
			productRefGroup = 4D3742221D88667D009CB5B2 /* Products */;
			projectDirPath = "";
			projectRoot = "";
			targets = (
				4D3742201D88667D009CB5B2 /* fm-demo-public */,
			);
		};
/* End PBXProject section */

/* Begin PBXResourcesBuildPhase section */
		4D37421F1D88667D009CB5B2 /* Resources */ = {
			isa = PBXResourcesBuildPhase;
			buildActionMask = 2147483647;
			files = (
				4D37422F1D88667D009CB5B2 /* LaunchScreen.storyboard in Resources */,
				4D37422C1D88667D009CB5B2 /* Assets.xcassets in Resources */,
				4DC58BA72611F48D00621634 /* SelfieDotV2.bundle in Resources */,
				4D66EAF223A3D7A000147981 /* CountdownDefault.bundle in Resources */,
				4DC58BA82611F48D00621634 /* SelfieDot.bundle in Resources */,
				4D66EAF623A3D7A000147981 /* FlowerPetals.bundle in Resources */,
			);
			runOnlyForDeploymentPostprocessing = 0;
		};
/* End PBXResourcesBuildPhase section */

/* Begin PBXSourcesBuildPhase section */
		4D37421D1D88667D009CB5B2 /* Sources */ = {
			isa = PBXSourcesBuildPhase;
			buildActionMask = 2147483647;
			files = (
				4DEAC6BF242E3EC300C405F9 /* UIViewController+Objc.m in Sources */,
				4D37426D1D9D861B009CB5B2 /* UIScreen+Element.swift in Sources */,
				4D37426F1D9D874D009CB5B2 /* UIView+Element.swift in Sources */,
				4DA837EA21706274001C371E /* MainViewController.swift in Sources */,
				4D7448071FA935BE00B1A06D /* AccountTableViewCell.swift in Sources */,
				4DD10A4F214CBEC2009189C4 /* NetworkingHelper.swift in Sources */,
				4D052AE923C6264B0034B5AA /* UserSignInViewController.swift in Sources */,
				4D15064B1DB82DE1005C5BAE /* TableView.swift in Sources */,
				4DA837EC217063B5001C371E /* AppDelegatePublic.swift in Sources */,
				4D37426B1D9D8170009CB5B2 /* LoadingController.swift in Sources */,
				4D3742691D9C92CB009CB5B2 /* UIViewController+Alert.swift in Sources */,
			);
			runOnlyForDeploymentPostprocessing = 0;
		};
/* End PBXSourcesBuildPhase section */

/* Begin PBXVariantGroup section */
		4D37422D1D88667D009CB5B2 /* LaunchScreen.storyboard */ = {
			isa = PBXVariantGroup;
			children = (
				4D37422E1D88667D009CB5B2 /* Base */,
			);
			name = LaunchScreen.storyboard;
			sourceTree = "<group>";
		};
/* End PBXVariantGroup section */

/* Begin XCBuildConfiguration section */
		4DD10A46214C99F4009189C4 /* Debug */ = {
			isa = XCBuildConfiguration;
			buildSettings = {
				ALWAYS_EMBED_SWIFT_STANDARD_LIBRARIES = YES;
				ALWAYS_SEARCH_USER_PATHS = NO;
				CLANG_ANALYZER_NONNULL = YES;
				CLANG_CXX_LANGUAGE_STANDARD = "gnu++0x";
				CLANG_CXX_LIBRARY = "libc++";
				CLANG_ENABLE_MODULES = YES;
				CLANG_ENABLE_OBJC_ARC = YES;
				CLANG_WARN_BLOCK_CAPTURE_AUTORELEASING = YES;
				CLANG_WARN_BOOL_CONVERSION = YES;
				CLANG_WARN_COMMA = YES;
				CLANG_WARN_CONSTANT_CONVERSION = YES;
				CLANG_WARN_DEPRECATED_OBJC_IMPLEMENTATIONS = YES;
				CLANG_WARN_DIRECT_OBJC_ISA_USAGE = YES_ERROR;
				CLANG_WARN_EMPTY_BODY = YES;
				CLANG_WARN_ENUM_CONVERSION = YES;
				CLANG_WARN_INFINITE_RECURSION = YES;
				CLANG_WARN_INT_CONVERSION = YES;
				CLANG_WARN_NON_LITERAL_NULL_CONVERSION = YES;
				CLANG_WARN_OBJC_IMPLICIT_RETAIN_SELF = YES;
				CLANG_WARN_OBJC_LITERAL_CONVERSION = YES;
				CLANG_WARN_OBJC_ROOT_CLASS = YES_ERROR;
				CLANG_WARN_RANGE_LOOP_ANALYSIS = YES;
				CLANG_WARN_STRICT_PROTOTYPES = YES;
				CLANG_WARN_SUSPICIOUS_MOVE = YES;
				CLANG_WARN_UNREACHABLE_CODE = YES;
				CLANG_WARN__DUPLICATE_METHOD_MATCH = YES;
				"CODE_SIGN_IDENTITY[sdk=iphoneos*]" = "iPhone Developer";
				COPY_PHASE_STRIP = NO;
				DEBUG_INFORMATION_FORMAT = dwarf;
				ENABLE_BITCODE = NO;
				ENABLE_STRICT_OBJC_MSGSEND = YES;
				ENABLE_TESTABILITY = YES;
				GCC_C_LANGUAGE_STANDARD = gnu99;
				GCC_DYNAMIC_NO_PIC = NO;
				GCC_NO_COMMON_BLOCKS = YES;
				GCC_OPTIMIZATION_LEVEL = 0;
				GCC_PREPROCESSOR_DEFINITIONS = (
					"DEBUG=1",
					"$(inherited)",
				);
				GCC_WARN_64_TO_32_BIT_CONVERSION = YES;
				GCC_WARN_ABOUT_RETURN_TYPE = YES_ERROR;
				GCC_WARN_UNDECLARED_SELECTOR = YES;
				GCC_WARN_UNINITIALIZED_AUTOS = YES_AGGRESSIVE;
				GCC_WARN_UNUSED_FUNCTION = YES;
				GCC_WARN_UNUSED_VARIABLE = YES;
				IPHONEOS_DEPLOYMENT_TARGET = 10.0;
				MTL_ENABLE_DEBUG_INFO = YES;
				ONLY_ACTIVE_ARCH = YES;
				SDKROOT = iphoneos;
				SWIFT_OPTIMIZATION_LEVEL = "-Onone";
			};
			name = Debug;
		};
		4DD10A47214C99F4009189C4 /* Debug */ = {
			isa = XCBuildConfiguration;
			buildSettings = {
				ASSETCATALOG_COMPILER_APPICON_NAME = AppIcon;
				CLANG_ENABLE_MODULES = YES;
				CODE_SIGN_IDENTITY = "iPhone Developer";
				"CODE_SIGN_IDENTITY[sdk=iphoneos*]" = "iPhone Developer";
				CODE_SIGN_STYLE = Automatic;
				DEFINES_MODULE = YES;
				DEVELOPMENT_TEAM = KCMF2PRRMF;
				EXCLUDED_SOURCE_FILE_NAMES = "";
				FRAMEWORK_SEARCH_PATHS = (
					"$(inherited)",
					"$(PROJECT_DIR)/demo/Frameworks",
				);
				GCC_PREPROCESSOR_DEFINITIONS = (
					"DEBUG=1",
					"$(inherited)",
					"FACE_ONLY=1",
					"FACE_SERVER=1",
				);
				INFOPLIST_FILE = demo/Info_face_matching.plist;
				IPHONEOS_DEPLOYMENT_TARGET = 10.0;
				LD_RUNPATH_SEARCH_PATHS = "$(inherited) @executable_path/Frameworks";
				OTHER_SWIFT_FLAGS = "-D FACE_ONLY  -D FACE_SERVER -D DEBUG";
				PRODUCT_BUNDLE_IDENTIFIER = id.metranet.elementfacematching;
				PRODUCT_NAME = "$(TARGET_NAME)";
				PROVISIONING_PROFILE = "";
				PROVISIONING_PROFILE_SPECIFIER = "";
				SWIFT_OBJC_BRIDGING_HEADER = "demo/demo-Bridging-Header.h";
				SWIFT_OPTIMIZATION_LEVEL = "-Onone";
				SWIFT_VERSION = 4.2;
			};
			name = Debug;
		};
		4DD10A48214C99FD009189C4 /* Release */ = {
			isa = XCBuildConfiguration;
			buildSettings = {
				ALWAYS_EMBED_SWIFT_STANDARD_LIBRARIES = YES;
				ALWAYS_SEARCH_USER_PATHS = NO;
				CLANG_ANALYZER_NONNULL = YES;
				CLANG_CXX_LANGUAGE_STANDARD = "gnu++0x";
				CLANG_CXX_LIBRARY = "libc++";
				CLANG_ENABLE_MODULES = YES;
				CLANG_ENABLE_OBJC_ARC = YES;
				CLANG_WARN_BLOCK_CAPTURE_AUTORELEASING = YES;
				CLANG_WARN_BOOL_CONVERSION = YES;
				CLANG_WARN_COMMA = YES;
				CLANG_WARN_CONSTANT_CONVERSION = YES;
				CLANG_WARN_DEPRECATED_OBJC_IMPLEMENTATIONS = YES;
				CLANG_WARN_DIRECT_OBJC_ISA_USAGE = YES_ERROR;
				CLANG_WARN_EMPTY_BODY = YES;
				CLANG_WARN_ENUM_CONVERSION = YES;
				CLANG_WARN_INFINITE_RECURSION = YES;
				CLANG_WARN_INT_CONVERSION = YES;
				CLANG_WARN_NON_LITERAL_NULL_CONVERSION = YES;
				CLANG_WARN_OBJC_IMPLICIT_RETAIN_SELF = YES;
				CLANG_WARN_OBJC_LITERAL_CONVERSION = YES;
				CLANG_WARN_OBJC_ROOT_CLASS = YES_ERROR;
				CLANG_WARN_RANGE_LOOP_ANALYSIS = YES;
				CLANG_WARN_STRICT_PROTOTYPES = YES;
				CLANG_WARN_SUSPICIOUS_MOVE = YES;
				CLANG_WARN_UNREACHABLE_CODE = YES;
				CLANG_WARN__DUPLICATE_METHOD_MATCH = YES;
				CODE_SIGN_IDENTITY = "iPhone Distribution: Element, Inc";
				"CODE_SIGN_IDENTITY[sdk=iphoneos*]" = "iPhone Distribution: Element, Inc";
				COPY_PHASE_STRIP = NO;
				DEBUG_INFORMATION_FORMAT = "dwarf-with-dsym";
				ENABLE_BITCODE = NO;
				ENABLE_NS_ASSERTIONS = NO;
				ENABLE_STRICT_OBJC_MSGSEND = YES;
				GCC_C_LANGUAGE_STANDARD = gnu99;
				GCC_NO_COMMON_BLOCKS = YES;
				GCC_WARN_64_TO_32_BIT_CONVERSION = YES;
				GCC_WARN_ABOUT_RETURN_TYPE = YES_ERROR;
				GCC_WARN_UNDECLARED_SELECTOR = YES;
				GCC_WARN_UNINITIALIZED_AUTOS = YES_AGGRESSIVE;
				GCC_WARN_UNUSED_FUNCTION = YES;
				GCC_WARN_UNUSED_VARIABLE = YES;
				IPHONEOS_DEPLOYMENT_TARGET = 10.0;
				MTL_ENABLE_DEBUG_INFO = NO;
				SDKROOT = iphoneos;
				SWIFT_OPTIMIZATION_LEVEL = "-Owholemodule";
				VALIDATE_PRODUCT = YES;
			};
			name = Release;
		};
		4DD10A49214C99FD009189C4 /* Release */ = {
			isa = XCBuildConfiguration;
			buildSettings = {
				ASSETCATALOG_COMPILER_APPICON_NAME = AppIcon;
				CLANG_ENABLE_MODULES = YES;
				CODE_SIGN_IDENTITY = "Apple Development";
				"CODE_SIGN_IDENTITY[sdk=iphoneos*]" = "Apple Development";
				CODE_SIGN_STYLE = Automatic;
				DEFINES_MODULE = YES;
				DEVELOPMENT_TEAM = KCMF2PRRMF;
				EXCLUDED_SOURCE_FILE_NAMES = "";
				FRAMEWORK_SEARCH_PATHS = (
					"$(inherited)",
					"$(PROJECT_DIR)/demo/Frameworks",
				);
				GCC_PREPROCESSOR_DEFINITIONS = (
					"FACE_ONLY=1",
					"FACE_SERVER=1",
				);
				INFOPLIST_FILE = demo/Info_face_matching.plist;
				IPHONEOS_DEPLOYMENT_TARGET = 10.0;
				LD_RUNPATH_SEARCH_PATHS = "$(inherited) @executable_path/Frameworks";
				OTHER_SWIFT_FLAGS = "-D FACE_ONLY  -D FACE_SERVER";
				PRODUCT_BUNDLE_IDENTIFIER = id.metranet.elementfacematching;
				PRODUCT_NAME = "$(TARGET_NAME)";
				PROVISIONING_PROFILE = "";
				PROVISIONING_PROFILE_SPECIFIER = "";
				SWIFT_OBJC_BRIDGING_HEADER = "demo/demo-Bridging-Header.h";
				SWIFT_VERSION = 4.2;
			};
			name = Release;
		};
/* End XCBuildConfiguration section */

/* Begin XCConfigurationList section */
		4D37421C1D88667D009CB5B2 /* Build configuration list for PBXProject "fm-demo-public" */ = {
			isa = XCConfigurationList;
			buildConfigurations = (
				4DD10A46214C99F4009189C4 /* Debug */,
				4DD10A48214C99FD009189C4 /* Release */,
			);
			defaultConfigurationIsVisible = 0;
			defaultConfigurationName = Debug;
		};
		4D3742331D88667D009CB5B2 /* Build configuration list for PBXNativeTarget "fm-demo-public" */ = {
			isa = XCConfigurationList;
			buildConfigurations = (
				4DD10A47214C99F4009189C4 /* Debug */,
				4DD10A49214C99FD009189C4 /* Release */,
			);
			defaultConfigurationIsVisible = 0;
			defaultConfigurationName = Debug;
		};
/* End XCConfigurationList section */
	};
	rootObject = 4D3742191D88667D009CB5B2 /* Project object */;
}
